
Microsoft Visual Studio Solution File, Format Version 12.00
# Visual Studio Version 17
VisualStudioVersion = 17.8.34511.84
MinimumVisualStudioVersion = 10.0.40219.1
Project("{9A19103F-16F7-4668-BE54-9A1E7A4F7556}") = "WpfMudBlazor.Pages", "WpfMudBlazor.Pages\WpfMudBlazor.Pages.csproj", "{C1C50740-FCD1-49C9-A512-4D6D585B3DE5}"
EndProject
Project("{9A19103F-16F7-4668-BE54-9A1E7A4F7556}") = "WpfMudBlazor", "WpfMudBlazor\WpfMudBlazor.csproj", "{0F19A151-54FA-4AC1-A58A-ECA6654D28A9}"
EndProject
Global
	GlobalSection(SolutionConfigurationPlatforms) = preSolution
		Debug|Any CPU = Debug|Any CPU
		Release|Any CPU = Release|Any CPU
	EndGlobalSection
	GlobalSection(ProjectConfigurationPlatforms) = postSolution
		{C1C50740-FCD1-49C9-A512-4D6D585B3DE5}.Debug|Any CPU.ActiveCfg = Debug|Any CPU
		{C1C50740-FCD1-49C9-A512-4D6D585B3DE5}.Debug|Any CPU.Build.0 = Debug|Any CPU
		{C1C50740-FCD1-49C9-A512-4D6D585B3DE5}.Release|Any CPU.ActiveCfg = Release|Any CPU
		{C1C50740-FCD1-49C9-A512-4D6D585B3DE5}.Release|Any CPU.Build.0 = Release|Any CPU
		{0F19A151-54FA-4AC1-A58A-ECA6654D28A9}.Debug|Any CPU.ActiveCfg = Debug|Any CPU
		{0F19A151-54FA-4AC1-A58A-ECA6654D28A9}.Debug|Any CPU.Build.0 = Debug|Any CPU
		{0F19A151-54FA-4AC1-A58A-ECA6654D28A9}.Release|Any CPU.ActiveCfg = Release|Any CPU
		{0F19A151-54FA-4AC1-A58A-ECA6654D28A9}.Release|Any CPU.Build.0 = Release|Any CPU
	EndGlobalSection
	GlobalSection(SolutionProperties) = preSolution
		HideSolutionNode = FALSE
	EndGlobalSection
	GlobalSection(ExtensibilityGlobals) = postSolution
		SolutionGuid = {0F2598F5-0AF7-4FFE-A2B3-571B5B4C5BFF}
	EndGlobalSection
EndGlobal
